PODS:
  - BSImagePicker (3.3.1)
  - JGProgressHUD (2.2)

DEPENDENCIES:
  - BSImagePicker (~> 3.1)
  - JGProgressHUD

SPEC REPOS:
  trunk:
    - BSImagePicker
    - JGProgressHUD

SPEC CHECKSUMS:
  BSImagePicker: 0fe04b574d4d6b81093785d2af6c26227efc8428
  JGProgressHUD: d83d7a981b85d11205e19ff8ad5bb9c40571c847

PODFILE CHECKSUM: f207b7d4766a6e055fad7950196552c14b00b930

COCOAPODS: 1.11.2
