// !$*UTF8*$!
{
	archiveVersion = 1;
	classes = {
	};
	objectVersion = 55;
	objects = {

/* Begin PBXBuildFile section */
		B2445619DBBE2107E949AAAF /* Pods_PicsArt.framework in Frameworks */ = {isa = PBXBuildFile; fileRef = 75C437116AC17EBE3D95702F /* Pods_PicsArt.framework */; };
		EC6D2A6F2780610A0085C94A /* PhotoEditorViewController.swift in Sources */ = {isa = PBXBuildFile; fileRef = EC6D2A6D2780610A0085C94A /* PhotoEditorViewController.swift */; };
		EC6D2A702780610A0085C94A /* PhotoEditorViewController.xib in Resources */ = {isa = PBXBuildFile; fileRef = EC6D2A6E2780610A0085C94A /* PhotoEditorViewController.xib */; };
		EC9E2780277D97AB0001DEE5 /* AppDelegate.swift in Sources */ = {isa = PBXBuildFile; fileRef = EC9E277F277D97AB0001DEE5 /* AppDelegate.swift */; };
		EC9E2782277D97AB0001DEE5 /* SceneDelegate.swift in Sources */ = {isa = PBXBuildFile; fileRef = EC9E2781277D97AB0001DEE5 /* SceneDelegate.swift */; };
		EC9E2789277D97AC0001DEE5 /* Assets.xcassets in Resources */ = {isa = PBXBuildFile; fileRef = EC9E2788277D97AC0001DEE5 /* Assets.xcassets */; };
		EC9E278C277D97AC0001DEE5 /* LaunchScreen.storyboard in Resources */ = {isa = PBXBuildFile; fileRef = EC9E278A277D97AC0001DEE5 /* LaunchScreen.storyboard */; };
		EC9E2795277D98E60001DEE5 /* ViewController.swift in Sources */ = {isa = PBXBuildFile; fileRef = EC9E2793277D98E60001DEE5 /* ViewController.swift */; };
		EC9E2796277D98E60001DEE5 /* ViewController.xib in Resources */ = {isa = PBXBuildFile; fileRef = EC9E2794277D98E60001DEE5 /* ViewController.xib */; };
		EC9E2799277DC8140001DEE5 /* PhotoCell.swift in Sources */ = {isa = PBXBuildFile; fileRef = EC9E2797277DC8140001DEE5 /* PhotoCell.swift */; };
		EC9E279A277DC8140001DEE5 /* PhotoCell.xib in Resources */ = {isa = PBXBuildFile; fileRef = EC9E2798277DC8140001DEE5 /* PhotoCell.xib */; };
/* End PBXBuildFile section */

/* Begin PBXFileReference section */
		0D0580330E008700332F12AD /* Pods-PicsArt.debug.xcconfig */ = {isa = PBXFileReference; includeInIndex = 1; lastKnownFileType = text.xcconfig; name = "Pods-PicsArt.debug.xcconfig"; path = "Target Support Files/Pods-PicsArt/Pods-PicsArt.debug.xcconfig"; sourceTree = "<group>"; };
		1F087A172F6CE844D7BBB9F1 /* Pods-PicsArt.release.xcconfig */ = {isa = PBXFileReference; includeInIndex = 1; lastKnownFileType = text.xcconfig; name = "Pods-PicsArt.release.xcconfig"; path = "Target Support Files/Pods-PicsArt/Pods-PicsArt.release.xcconfig"; sourceTree = "<group>"; };
		75C437116AC17EBE3D95702F /* Pods_PicsArt.framework */ = {isa = PBXFileReference; explicitFileType = wrapper.framework; includeInIndex = 0; path = Pods_PicsArt.framework; sourceTree = BUILT_PRODUCTS_DIR; };
		EC6D2A6D2780610A0085C94A /* PhotoEditorViewController.swift */ = {isa = PBXFileReference; lastKnownFileType = sourcecode.swift; path = PhotoEditorViewController.swift; sourceTree = "<group>"; };
		EC6D2A6E2780610A0085C94A /* PhotoEditorViewController.xib */ = {isa = PBXFileReference; lastKnownFileType = file.xib; path = PhotoEditorViewController.xib; sourceTree = "<group>"; };
		EC9E277C277D97AB0001DEE5 /* PicsArt.app */ = {isa = PBXFileReference; explicitFileType = wrapper.application; includeInIndex = 0; path = PicsArt.app; sourceTree = BUILT_PRODUCTS_DIR; };
		EC9E277F277D97AB0001DEE5 /* AppDelegate.swift */ = {isa = PBXFileReference; lastKnownFileType = sourcecode.swift; path = AppDelegate.swift; sourceTree = "<group>"; };
		EC9E2781277D97AB0001DEE5 /* SceneDelegate.swift */ = {isa = PBXFileReference; lastKnownFileType = sourcecode.swift; path = SceneDelegate.swift; sourceTree = "<group>"; };
		EC9E2788277D97AC0001DEE5 /* Assets.xcassets */ = {isa = PBXFileReference; lastKnownFileType = folder.assetcatalog; path = Assets.xcassets; sourceTree = "<group>"; };
		EC9E278B277D97AC0001DEE5 /* Base */ = {isa = PBXFileReference; lastKnownFileType = file.storyboard; name = Base; path = Base.lproj/LaunchScreen.storyboard; sourceTree = "<group>"; };
		EC9E278D277D97AC0001DEE5 /* Info.plist */ = {isa = PBXFileReference; lastKnownFileType = text.plist.xml; path = Info.plist; sourceTree = "<group>"; };
		EC9E2793277D98E60001DEE5 /* ViewController.swift */ = {isa = PBXFileReference; lastKnownFileType = sourcecode.swift; path = ViewController.swift; sourceTree = "<group>"; };
		EC9E2794277D98E60001DEE5 /* ViewController.xib */ = {isa = PBXFileReference; lastKnownFileType = file.xib; path = ViewController.xib; sourceTree = "<group>"; };
		EC9E2797277DC8140001DEE5 /* PhotoCell.swift */ = {isa = PBXFileReference; lastKnownFileType = sourcecode.swift; path = PhotoCell.swift; sourceTree = "<group>"; };
		EC9E2798277DC8140001DEE5 /* PhotoCell.xib */ = {isa = PBXFileReference; lastKnownFileType = file.xib; path = PhotoCell.xib; sourceTree = "<group>"; };
/* End PBXFileReference section */

/* Begin PBXFrameworksBuildPhase section */
		EC9E2779277D97AB0001DEE5 /* Frameworks */ = {
			isa = PBXFrameworksBuildPhase;
			buildActionMask = 2147483647;
			files = (
				B2445619DBBE2107E949AAAF /* Pods_PicsArt.framework in Frameworks */,
			);
			runOnlyForDeploymentPostprocessing = 0;
		};
/* End PBXFrameworksBuildPhase section */

/* Begin PBXGroup section */
		1245FD9405DF6C6D6132ED3C /* Frameworks */ = {
			isa = PBXGroup;
			children = (
				75C437116AC17EBE3D95702F /* Pods_PicsArt.framework */,
			);
			name = Frameworks;
			sourceTree = "<group>";
		};
		888F06F65F243B3B47AA04DC /* Pods */ = {
			isa = PBXGroup;
			children = (
				0D0580330E008700332F12AD /* Pods-PicsArt.debug.xcconfig */,
				1F087A172F6CE844D7BBB9F1 /* Pods-PicsArt.release.xcconfig */,
			);
			path = Pods;
			sourceTree = "<group>";
		};
		EC9E2773277D97AA0001DEE5 = {
			isa = PBXGroup;
			children = (
				EC9E277E277D97AB0001DEE5 /* PicsArt */,
				EC9E277D277D97AB0001DEE5 /* Products */,
				888F06F65F243B3B47AA04DC /* Pods */,
				1245FD9405DF6C6D6132ED3C /* Frameworks */,
			);
			sourceTree = "<group>";
		};
		EC9E277D277D97AB0001DEE5 /* Products */ = {
			isa = PBXGroup;
			children = (
				EC9E277C277D97AB0001DEE5 /* PicsArt.app */,
			);
			name = Products;
			sourceTree = "<group>";
		};
		EC9E277E277D97AB0001DEE5 /* PicsArt */ = {
			isa = PBXGroup;
			children = (
				EC9E277F277D97AB0001DEE5 /* AppDelegate.swift */,
				EC9E2781277D97AB0001DEE5 /* SceneDelegate.swift */,
				EC9E2793277D98E60001DEE5 /* ViewController.swift */,
				EC9E2794277D98E60001DEE5 /* ViewController.xib */,
				EC6D2A6D2780610A0085C94A /* PhotoEditorViewController.swift */,
				EC6D2A6E2780610A0085C94A /* PhotoEditorViewController.xib */,
				EC9E2797277DC8140001DEE5 /* PhotoCell.swift */,
				EC9E2798277DC8140001DEE5 /* PhotoCell.xib */,
				EC9E2788277D97AC0001DEE5 /* Assets.xcassets */,
				EC9E278A277D97AC0001DEE5 /* LaunchScreen.storyboard */,
				EC9E278D277D97AC0001DEE5 /* Info.plist */,
			);
			path = PicsArt;
			sourceTree = "<group>";
		};
/* End PBXGroup section */

/* Begin PBXNativeTarget section */
		EC9E277B277D97AB0001DEE5 /* PicsArt */ = {
			isa = PBXNativeTarget;
			buildConfigurationList = EC9E2790277D97AC0001DEE5 /* Build configuration list for PBXNativeTarget "PicsArt" */;
			buildPhases = (
				C96A8F8C83CD5F401E016124 /* [CP] Check Pods Manifest.lock */,
				EC9E2778277D97AB0001DEE5 /* Sources */,
				EC9E2779277D97AB0001DEE5 /* Frameworks */,
				EC9E277A277D97AB0001DEE5 /* Resources */,
				75A4862912589311E546A737 /* [CP] Embed Pods Frameworks */,
			);
			buildRules = (
			);
			dependencies = (
			);
			name = PicsArt;
			productName = PicsArt;
			productReference = EC9E277C277D97AB0001DEE5 /* PicsArt.app */;
			productType = "com.apple.product-type.application";
		};
/* End PBXNativeTarget section */

/* Begin PBXProject section */
		EC9E2774277D97AA0001DEE5 /* Project object */ = {
			isa = PBXProject;
			attributes = {
				BuildIndependentTargetsInParallel = 1;
				LastSwiftUpdateCheck = 1310;
				LastUpgradeCheck = 1310;
				TargetAttributes = {
					EC9E277B277D97AB0001DEE5 = {
						CreatedOnToolsVersion = 13.1;
					};
				};
			};
			buildConfigurationList = EC9E2777277D97AA0001DEE5 /* Build configuration list for PBXProject "PicsArt" */;
			compatibilityVersion = "Xcode 13.0";
			developmentRegion = en;
			hasScannedForEncodings = 0;
			knownRegions = (
				en,
				Base,
			);
			mainGroup = EC9E2773277D97AA0001DEE5;
			productRefGroup = EC9E277D277D97AB0001DEE5 /* Products */;
			projectDirPath = "";
			projectRoot = "";
			targets = (
				EC9E277B277D97AB0001DEE5 /* PicsArt */,
			);
		};
/* End PBXProject section */

/* Begin PBXResourcesBuildPhase section */
		EC9E277A277D97AB0001DEE5 /* Resources */ = {
			isa = PBXResourcesBuildPhase;
			buildActionMask = 2147483647;
			files = (
				EC6D2A702780610A0085C94A /* PhotoEditorViewController.xib in Resources */,
				EC9E279A277DC8140001DEE5 /* PhotoCell.xib in Resources */,
				EC9E278C277D97AC0001DEE5 /* LaunchScreen.storyboard in Resources */,
				EC9E2796277D98E60001DEE5 /* ViewController.xib in Resources */,
				EC9E2789277D97AC0001DEE5 /* Assets.xcassets in Resources */,
			);
			runOnlyForDeploymentPostprocessing = 0;
		};
/* End PBXResourcesBuildPhase section */

/* Begin PBXShellScriptBuildPhase section */
		75A4862912589311E546A737 /* [CP] Embed Pods Frameworks */ = {
			isa = PBXShellScriptBuildPhase;
			buildActionMask = 2147483647;
			files = (
			);
			inputFileListPaths = (
				"${PODS_ROOT}/Target Support Files/Pods-PicsArt/Pods-PicsArt-frameworks-${CONFIGURATION}-input-files.xcfilelist",
			);
			name = "[CP] Embed Pods Frameworks";
			outputFileListPaths = (
				"${PODS_ROOT}/Target Support Files/Pods-PicsArt/Pods-PicsArt-frameworks-${CONFIGURATION}-output-files.xcfilelist",
			);
			runOnlyForDeploymentPostprocessing = 0;
			shellPath = /bin/sh;
			shellScript = "\"${PODS_ROOT}/Target Support Files/Pods-PicsArt/Pods-PicsArt-frameworks.sh\"\n";
			showEnvVarsInLog = 0;
		};
		C96A8F8C83CD5F401E016124 /* [CP] Check Pods Manifest.lock */ = {
			isa = PBXShellScriptBuildPhase;
			buildActionMask = 2147483647;
			files = (
			);
			inputFileListPaths = (
			);
			inputPaths = (
				"${PODS_PODFILE_DIR_PATH}/Podfile.lock",
				"${PODS_ROOT}/Manifest.lock",
			);
			name = "[CP] Check Pods Manifest.lock";
			outputFileListPaths = (
			);
			outputPaths = (
				"$(DERIVED_FILE_DIR)/Pods-PicsArt-checkManifestLockResult.txt",
			);
			runOnlyForDeploymentPostprocessing = 0;
			shellPath = /bin/sh;
			shellScript = "diff \"${PODS_PODFILE_DIR_PATH}/Podfile.lock\" \"${PODS_ROOT}/Manifest.lock\" > /dev/null\nif [ $? != 0 ] ; then\n    # print error to STDERR\n    echo \"error: The sandbox is not in sync with the Podfile.lock. Run 'pod install' or update your CocoaPods installation.\" >&2\n    exit 1\nfi\n# This output is used by Xcode 'outputs' to avoid re-running this script phase.\necho \"SUCCESS\" > \"${SCRIPT_OUTPUT_FILE_0}\"\n";
			showEnvVarsInLog = 0;
		};
/* End PBXShellScriptBuildPhase section */

/* Begin PBXSourcesBuildPhase section */
		EC9E2778277D97AB0001DEE5 /* Sources */ = {
			isa = PBXSourcesBuildPhase;
			buildActionMask = 2147483647;
			files = (
				EC9E2799277DC8140001DEE5 /* PhotoCell.swift in Sources */,
				EC9E2795277D98E60001DEE5 /* ViewController.swift in Sources */,
				EC9E2780277D97AB0001DEE5 /* AppDelegate.swift in Sources */,
				EC9E2782277D97AB0001DEE5 /* SceneDelegate.swift in Sources */,
				EC6D2A6F2780610A0085C94A /* PhotoEditorViewController.swift in Sources */,
			);
			runOnlyForDeploymentPostprocessing = 0;
		};
/* End PBXSourcesBuildPhase section */

/* Begin PBXVariantGroup section */
		EC9E278A277D97AC0001DEE5 /* LaunchScreen.storyboard */ = {
			isa = PBXVariantGroup;
			children = (
				EC9E278B277D97AC0001DEE5 /* Base */,
			);
			name = LaunchScreen.storyboard;
			sourceTree = "<group>";
		};
/* End PBXVariantGroup section */

/* Begin XCBuildConfiguration section */
		EC9E278E277D97AC0001DEE5 /* Debug */ = {
			isa = XCBuildConfiguration;
			buildSettings = {
				ALWAYS_SEARCH_USER_PATHS = NO;
				CLANG_ANALYZER_NONNULL = YES;
				CLANG_ANALYZER_NUMBER_OBJECT_CONVERSION = YES_AGGRESSIVE;
				CLANG_CXX_LANGUAGE_STANDARD = "gnu++17";
				CLANG_CXX_LIBRARY = "libc++";
				CLANG_ENABLE_MODULES = YES;
				CLANG_ENABLE_OBJC_ARC = YES;
				CLANG_ENABLE_OBJC_WEAK = YES;
				CLANG_WARN_BLOCK_CAPTURE_AUTORELEASING = YES;
				CLANG_WARN_BOOL_CONVERSION = YES;
				CLANG_WARN_COMMA = YES;
				CLANG_WARN_CONSTANT_CONVERSION = YES;
				CLANG_WARN_DEPRECATED_OBJC_IMPLEMENTATIONS = YES;
				CLANG_WARN_DIRECT_OBJC_ISA_USAGE = YES_ERROR;
				CLANG_WARN_DOCUMENTATION_COMMENTS = YES;
				CLANG_WARN_EMPTY_BODY = YES;
				CLANG_WARN_ENUM_CONVERSION = YES;
				CLANG_WARN_INFINITE_RECURSION = YES;
				CLANG_WARN_INT_CONVERSION = YES;
				CLANG_WARN_NON_LITERAL_NULL_CONVERSION = YES;
				CLANG_WARN_OBJC_IMPLICIT_RETAIN_SELF = YES;
				CLANG_WARN_OBJC_LITERAL_CONVERSION = YES;
				CLANG_WARN_OBJC_ROOT_CLASS = YES_ERROR;
				CLANG_WARN_QUOTED_INCLUDE_IN_FRAMEWORK_HEADER = YES;
				CLANG_WARN_RANGE_LOOP_ANALYSIS = YES;
				CLANG_WARN_STRICT_PROTOTYPES = YES;
				CLANG_WARN_SUSPICIOUS_MOVE = YES;
				CLANG_WARN_UNGUARDED_AVAILABILITY = YES_AGGRESSIVE;
				CLANG_WARN_UNREACHABLE_CODE = YES;
				CLANG_WARN__DUPLICATE_METHOD_MATCH = YES;
				COPY_PHASE_STRIP = NO;
				DEBUG_INFORMATION_FORMAT = dwarf;
				ENABLE_STRICT_OBJC_MSGSEND = YES;
				ENABLE_TESTABILITY = YES;
				GCC_C_LANGUAGE_STANDARD = gnu11;
				GCC_DYNAMIC_NO_PIC = NO;
				GCC_NO_COMMON_BLOCKS = YES;
				GCC_OPTIMIZATION_LEVEL = 0;
				GCC_PREPROCESSOR_DEFINITIONS = (
					"DEBUG=1",
					"$(inherited)",
				);
				GCC_WARN_64_TO_32_BIT_CONVERSION = YES;
				GCC_WARN_ABOUT_RETURN_TYPE = YES_ERROR;
				GCC_WARN_UNDECLARED_SELECTOR = YES;
				GCC_WARN_UNINITIALIZED_AUTOS = YES_AGGRESSIVE;
				GCC_WARN_UNUSED_FUNCTION = YES;
				GCC_WARN_UNUSED_VARIABLE = YES;
				IPHONEOS_DEPLOYMENT_TARGET = 15.0;
				MTL_ENABLE_DEBUG_INFO = INCLUDE_SOURCE;
				MTL_FAST_MATH = YES;
				ONLY_ACTIVE_ARCH = YES;
				SDKROOT = iphoneos;
				SWIFT_ACTIVE_COMPILATION_CONDITIONS = DEBUG;
				SWIFT_OPTIMIZATION_LEVEL = "-Onone";
			};
			name = Debug;
		};
		EC9E278F277D97AC0001DEE5 /* Release */ = {
			isa = XCBuildConfiguration;
			buildSettings = {
				ALWAYS_SEARCH_USER_PATHS = NO;
				CLANG_ANALYZER_NONNULL = YES;
				CLANG_ANALYZER_NUMBER_OBJECT_CONVERSION = YES_AGGRESSIVE;
				CLANG_CXX_LANGUAGE_STANDARD = "gnu++17";
				CLANG_CXX_LIBRARY = "libc++";
				CLANG_ENABLE_MODULES = YES;
				CLANG_ENABLE_OBJC_ARC = YES;
				CLANG_ENABLE_OBJC_WEAK = YES;
				CLANG_WARN_BLOCK_CAPTURE_AUTORELEASING = YES;
				CLANG_WARN_BOOL_CONVERSION = YES;
				CLANG_WARN_COMMA = YES;
				CLANG_WARN_CONSTANT_CONVERSION = YES;
				CLANG_WARN_DEPRECATED_OBJC_IMPLEMENTATIONS = YES;
				CLANG_WARN_DIRECT_OBJC_ISA_USAGE = YES_ERROR;
				CLANG_WARN_DOCUMENTATION_COMMENTS = YES;
				CLANG_WARN_EMPTY_BODY = YES;
				CLANG_WARN_ENUM_CONVERSION = YES;
				CLANG_WARN_INFINITE_RECURSION = YES;
				CLANG_WARN_INT_CONVERSION = YES;
				CLANG_WARN_NON_LITERAL_NULL_CONVERSION = YES;
				CLANG_WARN_OBJC_IMPLICIT_RETAIN_SELF = YES;
				CLANG_WARN_OBJC_LITERAL_CONVERSION = YES;
				CLANG_WARN_OBJC_ROOT_CLASS = YES_ERROR;
				CLANG_WARN_QUOTED_INCLUDE_IN_FRAMEWORK_HEADER = YES;
				CLANG_WARN_RANGE_LOOP_ANALYSIS = YES;
				CLANG_WARN_STRICT_PROTOTYPES = YES;
				CLANG_WARN_SUSPICIOUS_MOVE = YES;
				CLANG_WARN_UNGUARDED_AVAILABILITY = YES_AGGRESSIVE;
				CLANG_WARN_UNREACHABLE_CODE = YES;
				CLANG_WARN__DUPLICATE_METHOD_MATCH = YES;
				COPY_PHASE_STRIP = NO;
				DEBUG_INFORMATION_FORMAT = "dwarf-with-dsym";
				ENABLE_NS_ASSERTIONS = NO;
				ENABLE_STRICT_OBJC_MSGSEND = YES;
				GCC_C_LANGUAGE_STANDARD = gnu11;
				GCC_NO_COMMON_BLOCKS = YES;
				GCC_WARN_64_TO_32_BIT_CONVERSION = YES;
				GCC_WARN_ABOUT_RETURN_TYPE = YES_ERROR;
				GCC_WARN_UNDECLARED_SELECTOR = YES;
				GCC_WARN_UNINITIALIZED_AUTOS = YES_AGGRESSIVE;
				GCC_WARN_UNUSED_FUNCTION = YES;
				GCC_WARN_UNUSED_VARIABLE = YES;
				IPHONEOS_DEPLOYMENT_TARGET = 15.0;
				MTL_ENABLE_DEBUG_INFO = NO;
				MTL_FAST_MATH = YES;
				SDKROOT = iphoneos;
				SWIFT_COMPILATION_MODE = wholemodule;
				SWIFT_OPTIMIZATION_LEVEL = "-O";
				VALIDATE_PRODUCT = YES;
			};
			name = Release;
		};
		EC9E2791277D97AC0001DEE5 /* Debug */ = {
			isa = XCBuildConfiguration;
			baseConfigurationReference = 0D0580330E008700332F12AD /* Pods-PicsArt.debug.xcconfig */;
			buildSettings = {
				ASSETCATALOG_COMPILER_APPICON_NAME = AppIcon;
				ASSETCATALOG_COMPILER_GLOBAL_ACCENT_COLOR_NAME = AccentColor;
				CODE_SIGN_STYLE = Automatic;
				CURRENT_PROJECT_VERSION = 1;
				DEVELOPMENT_TEAM = XZJD36PUZW;
				GENERATE_INFOPLIST_FILE = YES;
				INFOPLIST_FILE = PicsArt/Info.plist;
				INFOPLIST_KEY_UIApplicationSupportsIndirectInputEvents = YES;
				INFOPLIST_KEY_UILaunchStoryboardName = LaunchScreen;
				INFOPLIST_KEY_UISupportedInterfaceOrientations_iPad = "UIInterfaceOrientationPortrait UIInterfaceOrientationPortraitUpsideDown UIInterfaceOrientationLandscapeLeft UIInterfaceOrientationLandscapeRight";
				INFOPLIST_KEY_UISupportedInterfaceOrientations_iPhone = "UIInterfaceOrientationPortrait UIInterfaceOrientationLandscapeLeft UIInterfaceOrientationLandscapeRight";
				IPHONEOS_DEPLOYMENT_TARGET = 12.0;
				LD_RUNPATH_SEARCH_PATHS = (
					"$(inherited)",
					"@executable_path/Frameworks",
				);
				MARKETING_VERSION = 1.0;
				PRODUCT_BUNDLE_IDENTIFIER = com.sparrow.PicsArt;
				PRODUCT_NAME = "$(TARGET_NAME)";
				SWIFT_EMIT_LOC_STRINGS = YES;
				SWIFT_VERSION = 5.0;
				TARGETED_DEVICE_FAMILY = "1,2";
			};
			name = Debug;
		};
		EC9E2792277D97AC0001DEE5 /* Release */ = {
			isa = XCBuildConfiguration;
			baseConfigurationReference = 1F087A172F6CE844D7BBB9F1 /* Pods-PicsArt.release.xcconfig */;
			buildSettings = {
				ASSETCATALOG_COMPILER_APPICON_NAME = AppIcon;
				ASSETCATALOG_COMPILER_GLOBAL_ACCENT_COLOR_NAME = AccentColor;
				CODE_SIGN_STYLE = Automatic;
				CURRENT_PROJECT_VERSION = 1;
				DEVELOPMENT_TEAM = XZJD36PUZW;
				GENERATE_INFOPLIST_FILE = YES;
				INFOPLIST_FILE = PicsArt/Info.plist;
				INFOPLIST_KEY_UIApplicationSupportsIndirectInputEvents = YES;
				INFOPLIST_KEY_UILaunchStoryboardName = LaunchScreen;
				INFOPLIST_KEY_UISupportedInterfaceOrientations_iPad = "UIInterfaceOrientationPortrait UIInterfaceOrientationPortraitUpsideDown UIInterfaceOrientationLandscapeLeft UIInterfaceOrientationLandscapeRight";
				INFOPLIST_KEY_UISupportedInterfaceOrientations_iPhone = "UIInterfaceOrientationPortrait UIInterfaceOrientationLandscapeLeft UIInterfaceOrientationLandscapeRight";
				IPHONEOS_DEPLOYMENT_TARGET = 12.0;
				LD_RUNPATH_SEARCH_PATHS = (
					"$(inherited)",
					"@executable_path/Frameworks",
				);
				MARKETING_VERSION = 1.0;
				PRODUCT_BUNDLE_IDENTIFIER = com.sparrow.PicsArt;
				PRODUCT_NAME = "$(TARGET_NAME)";
				SWIFT_EMIT_LOC_STRINGS = YES;
				SWIFT_VERSION = 5.0;
				TARGETED_DEVICE_FAMILY = "1,2";
			};
			name = Release;
		};
/* End XCBuildConfiguration section */

/* Begin XCConfigurationList section */
		EC9E2777277D97AA0001DEE5 /* Build configuration list for PBXProject "PicsArt" */ = {
			isa = XCConfigurationList;
			buildConfigurations = (
				EC9E278E277D97AC0001DEE5 /* Debug */,
				EC9E278F277D97AC0001DEE5 /* Release */,
			);
			defaultConfigurationIsVisible = 0;
			defaultConfigurationName = Release;
		};
		EC9E2790277D97AC0001DEE5 /* Build configuration list for PBXNativeTarget "PicsArt" */ = {
			isa = XCConfigurationList;
			buildConfigurations = (
				EC9E2791277D97AC0001DEE5 /* Debug */,
				EC9E2792277D97AC0001DEE5 /* Release */,
			);
			defaultConfigurationIsVisible = 0;
			defaultConfigurationName = Release;
		};
/* End XCConfigurationList section */
	};
	rootObject = EC9E2774277D97AA0001DEE5 /* Project object */;
}
